// !$*UTF8*$!
{
	archiveVersion = 1;
	classes = {
	};
	objectVersion = 46;
	objects = {

/* Begin PBXBuildFile section */
		7741F256191EF3BA00B04F2D /* WBContractorParser.m in Sources */ = {isa = PBXBuildFile; fileRef = 7741F255191EF3BA00B04F2D /* WBContractorParser.m */; };
		7741F258191EF6CB00B04F2D /* Contractors.json in Resources */ = {isa = PBXBuildFile; fileRef = 7741F257191EF6CB00B04F2D /* Contractors.json */; };
		7741F25A191F0C4F00B04F2D /* graph.png in Resources */ = {isa = PBXBuildFile; fileRef = 7741F259191F0C4F00B04F2D /* graph.png */; };
		776BD62D191DDE5600A99308 /* Foundation.framework in Frameworks */ = {isa = PBXBuildFile; fileRef = 776BD62C191DDE5600A99308 /* Foundation.framework */; };
		776BD62F191DDE5600A99308 /* CoreGraphics.framework in Frameworks */ = {isa = PBXBuildFile; fileRef = 776BD62E191DDE5600A99308 /* CoreGraphics.framework */; };
		776BD631191DDE5600A99308 /* UIKit.framework in Frameworks */ = {isa = PBXBuildFile; fileRef = 776BD630191DDE5600A99308 /* UIKit.framework */; };
		776BD637191DDE5600A99308 /* InfoPlist.strings in Resources */ = {isa = PBXBuildFile; fileRef = 776BD635191DDE5600A99308 /* InfoPlist.strings */; };
		776BD639191DDE5600A99308 /* main.m in Sources */ = {isa = PBXBuildFile; fileRef = 776BD638191DDE5600A99308 /* main.m */; };
		776BD63D191DDE5600A99308 /* AppDelegate.m in Sources */ = {isa = PBXBuildFile; fileRef = 776BD63C191DDE5600A99308 /* AppDelegate.m */; };
		776BD640191DDE5600A99308 /* Main_iPhone.storyboard in Resources */ = {isa = PBXBuildFile; fileRef = 776BD63E191DDE5600A99308 /* Main_iPhone.storyboard */; };
		776BD643191DDE5600A99308 /* Main_iPad.storyboard in Resources */ = {isa = PBXBuildFile; fileRef = 776BD641191DDE5600A99308 /* Main_iPad.storyboard */; };
		776BD646191DDE5600A99308 /* ViewController.m in Sources */ = {isa = PBXBuildFile; fileRef = 776BD645191DDE5600A99308 /* ViewController.m */; };
		776BD648191DDE5600A99308 /* Images.xcassets in Resources */ = {isa = PBXBuildFile; fileRef = 776BD647191DDE5600A99308 /* Images.xcassets */; };
		776BD64F191DDE5600A99308 /* XCTest.framework in Frameworks */ = {isa = PBXBuildFile; fileRef = 776BD64E191DDE5600A99308 /* XCTest.framework */; };
		776BD650191DDE5600A99308 /* Foundation.framework in Frameworks */ = {isa = PBXBuildFile; fileRef = 776BD62C191DDE5600A99308 /* Foundation.framework */; };
		776BD651191DDE5600A99308 /* UIKit.framework in Frameworks */ = {isa = PBXBuildFile; fileRef = 776BD630191DDE5600A99308 /* UIKit.framework */; };
		776BD659191DDE5600A99308 /* InfoPlist.strings in Resources */ = {isa = PBXBuildFile; fileRef = 776BD657191DDE5600A99308 /* InfoPlist.strings */; };
		776BD65B191DDE5600A99308 /* OpenMapTests.m in Sources */ = {isa = PBXBuildFile; fileRef = 776BD65A191DDE5600A99308 /* OpenMapTests.m */; };
		776BD667191DDE9000A99308 /* AVFoundation.framework in Frameworks */ = {isa = PBXBuildFile; fileRef = 776BD666191DDE9000A99308 /* AVFoundation.framework */; };
		776BD66C191DDEA100A99308 /* CoreData.framework in Frameworks */ = {isa = PBXBuildFile; fileRef = 776BD668191DDEA100A99308 /* CoreData.framework */; };
		776BD66D191DDEA100A99308 /* CoreFoundation.framework in Frameworks */ = {isa = PBXBuildFile; fileRef = 776BD669191DDEA100A99308 /* CoreFoundation.framework */; };
		776BD66E191DDEA100A99308 /* CoreText.framework in Frameworks */ = {isa = PBXBuildFile; fileRef = 776BD66A191DDEA100A99308 /* CoreText.framework */; };
		776BD66F191DDEA100A99308 /* GLKit.framework in Frameworks */ = {isa = PBXBuildFile; fileRef = 776BD66B191DDEA100A99308 /* GLKit.framework */; };
		776BD671191DDEAB00A99308 /* ImageIO.framework in Frameworks */ = {isa = PBXBuildFile; fileRef = 776BD670191DDEAB00A99308 /* ImageIO.framework */; };
		776BD675191DDEDC00A99308 /* libc++.dylib in Frameworks */ = {isa = PBXBuildFile; fileRef = 776BD672191DDEDC00A99308 /* libc++.dylib */; };
		776BD676191DDEDC00A99308 /* libicucore.dylib in Frameworks */ = {isa = PBXBuildFile; fileRef = 776BD673191DDEDC00A99308 /* libicucore.dylib */; };
		776BD677191DDEDC00A99308 /* libz.dylib in Frameworks */ = {isa = PBXBuildFile; fileRef = 776BD674191DDEDC00A99308 /* libz.dylib */; };
		776BD67B191DDEEE00A99308 /* OpenGLES.framework in Frameworks */ = {isa = PBXBuildFile; fileRef = 776BD678191DDEEE00A99308 /* OpenGLES.framework */; };
		776BD67C191DDEEE00A99308 /* QuartzCore.framework in Frameworks */ = {isa = PBXBuildFile; fileRef = 776BD679191DDEEE00A99308 /* QuartzCore.framework */; };
		776BD67D191DDEEE00A99308 /* SystemConfiguration.framework in Frameworks */ = {isa = PBXBuildFile; fileRef = 776BD67A191DDEEE00A99308 /* SystemConfiguration.framework */; };
		776BD682191DE39B00A99308 /* GoogleMaps.framework in Resources */ = {isa = PBXBuildFile; fileRef = 776BD681191DE39B00A99308 /* GoogleMaps.framework */; };
		776BD683191DE3CD00A99308 /* GoogleMaps.framework in Frameworks */ = {isa = PBXBuildFile; fileRef = 776BD681191DE39B00A99308 /* GoogleMaps.framework */; };
		776BD685191DE45500A99308 /* GoogleMaps.bundle in Resources */ = {isa = PBXBuildFile; fileRef = 776BD684191DE45500A99308 /* GoogleMaps.bundle */; };
		776BD688191DF4FE00A99308 /* DataModel.xcdatamodeld in Sources */ = {isa = PBXBuildFile; fileRef = 776BD686191DF4FE00A99308 /* DataModel.xcdatamodeld */; };
		776BD699191E05EC00A99308 /* WBProjectParser.m in Sources */ = {isa = PBXBuildFile; fileRef = 776BD698191E05EC00A99308 /* WBProjectParser.m */; };
		776BD839191E2B8100A99308 /* WBProject.m in Sources */ = {isa = PBXBuildFile; fileRef = 776BD838191E2B8100A99308 /* WBProject.m */; };
		776BD83C191E478700A99308 /* WBProjectViewViewController.m in Sources */ = {isa = PBXBuildFile; fileRef = 776BD83B191E478700A99308 /* WBProjectViewViewController.m */; };
		776BD843191E56E500A99308 /* JBBarChartView.m in Sources */ = {isa = PBXBuildFile; fileRef = 776BD83E191E56E500A99308 /* JBBarChartView.m */; };
		776BD844191E56E500A99308 /* JBChartView.m in Sources */ = {isa = PBXBuildFile; fileRef = 776BD840191E56E500A99308 /* JBChartView.m */; };
		776BD845191E56E500A99308 /* JBLineChartView.m in Sources */ = {isa = PBXBuildFile; fileRef = 776BD842191E56E500A99308 /* JBLineChartView.m */; };
		776BD84A191ED6A200A99308 /* ContractsViewController.m in Sources */ = {isa = PBXBuildFile; fileRef = 776BD849191ED6A200A99308 /* ContractsViewController.m */; };
		776BD84D191EE8DC00A99308 /* DismissSegue.m in Sources */ = {isa = PBXBuildFile; fileRef = 776BD84C191EE8DC00A99308 /* DismissSegue.m */; };
		776BD854191EEF5900A99308 /* Email-Icon.png in Resources */ = {isa = PBXBuildFile; fileRef = 776BD84E191EEF5900A99308 /* Email-Icon.png */; };
		776BD855191EEF5900A99308 /* facebook-Icon.png in Resources */ = {isa = PBXBuildFile; fileRef = 776BD84F191EEF5900A99308 /* facebook-Icon.png */; };
		776BD856191EEF5900A99308 /* phone_icon.png in Resources */ = {isa = PBXBuildFile; fileRef = 776BD850191EEF5900A99308 /* phone_icon.png */; };
		776BD857191EEF5900A99308 /* Twitter-Icon.png in Resources */ = {isa = PBXBuildFile; fileRef = 776BD851191EEF5900A99308 /* Twitter-Icon.png */; };
		776BD858191EEF5900A99308 /* write.png in Resources */ = {isa = PBXBuildFile; fileRef = 776BD852191EEF5900A99308 /* write.png */; };
		776BD859191EEF5900A99308 /* Youtube-Icon.png in Resources */ = {isa = PBXBuildFile; fileRef = 776BD853191EEF5900A99308 /* Youtube-Icon.png */; };
		776BD85B191EEF9000A99308 /* warn.png in Resources */ = {isa = PBXBuildFile; fileRef = 776BD85A191EEF9000A99308 /* warn.png */; };
		776BD85E191EEFEF00A99308 /* CorruptionViewController.m in Sources */ = {isa = PBXBuildFile; fileRef = 776BD85D191EEFEF00A99308 /* CorruptionViewController.m */; };
/* End PBXBuildFile section */

/* Begin PBXContainerItemProxy section */
		776BD652191DDE5600A99308 /* PBXContainerItemProxy */ = {
			isa = PBXContainerItemProxy;
			containerPortal = 776BD621191DDE5600A99308 /* Project object */;
			proxyType = 1;
			remoteGlobalIDString = 776BD628191DDE5600A99308;
			remoteInfo = OpenMap;
		};
/* End PBXContainerItemProxy section */

/* Begin PBXFileReference section */
		7741F254191EF3BA00B04F2D /* WBContractorParser.h */ = {isa = PBXFileReference; fileEncoding = 4; lastKnownFileType = sourcecode.c.h; name = WBContractorParser.h; path = ../WBContractorParser.h; sourceTree = "<group>"; };
		7741F255191EF3BA00B04F2D /* WBContractorParser.m */ = {isa = PBXFileReference; fileEncoding = 4; lastKnownFileType = sourcecode.c.objc; name = WBContractorParser.m; path = ../WBContractorParser.m; sourceTree = "<group>"; };
		7741F257191EF6CB00B04F2D /* Contractors.json */ = {isa = PBXFileReference; fileEncoding = 4; lastKnownFileType = text.json; path = Contractors.json; sourceTree = "<group>"; };
		7741F259191F0C4F00B04F2D /* graph.png */ = {isa = PBXFileReference; lastKnownFileType = image.png; path = graph.png; sourceTree = "<group>"; };
		776BD629191DDE5600A99308 /* OpenMap.app */ = {isa = PBXFileReference; explicitFileType = wrapper.application; includeInIndex = 0; path = OpenMap.app; sourceTree = BUILT_PRODUCTS_DIR; };
		776BD62C191DDE5600A99308 /* Foundation.framework */ = {isa = PBXFileReference; lastKnownFileType = wrapper.framework; name = Foundation.framework; path = System/Library/Frameworks/Foundation.framework; sourceTree = SDKROOT; };
		776BD62E191DDE5600A99308 /* CoreGraphics.framework */ = {isa = PBXFileReference; lastKnownFileType = wrapper.framework; name = CoreGraphics.framework; path = System/Library/Frameworks/CoreGraphics.framework; sourceTree = SDKROOT; };
		776BD630191DDE5600A99308 /* UIKit.framework */ = {isa = PBXFileReference; lastKnownFileType = wrapper.framework; name = UIKit.framework; path = System/Library/Frameworks/UIKit.framework; sourceTree = SDKROOT; };
		776BD634191DDE5600A99308 /* OpenMap-Info.plist */ = {isa = PBXFileReference; lastKnownFileType = text.plist.xml; path = "OpenMap-Info.plist"; sourceTree = "<group>"; };
		776BD636191DDE5600A99308 /* en */ = {isa = PBXFileReference; lastKnownFileType = text.plist.strings; name = en; path = en.lproj/InfoPlist.strings; sourceTree = "<group>"; };
		776BD638191DDE5600A99308 /* main.m */ = {isa = PBXFileReference; lastKnownFileType = sourcecode.c.objc; path = main.m; sourceTree = "<group>"; };
		776BD63A191DDE5600A99308 /* OpenMap-Prefix.pch */ = {isa = PBXFileReference; lastKnownFileType = sourcecode.c.h; path = "OpenMap-Prefix.pch"; sourceTree = "<group>"; };
		776BD63B191DDE5600A99308 /* AppDelegate.h */ = {isa = PBXFileReference; lastKnownFileType = sourcecode.c.h; path = AppDelegate.h; sourceTree = "<group>"; };
		776BD63C191DDE5600A99308 /* AppDelegate.m */ = {isa = PBXFileReference; lastKnownFileType = sourcecode.c.objc; path = AppDelegate.m; sourceTree = "<group>"; };
		776BD63F191DDE5600A99308 /* Base */ = {isa = PBXFileReference; lastKnownFileType = file.storyboard; name = Base; path = Base.lproj/Main_iPhone.storyboard; sourceTree = "<group>"; };
		776BD642191DDE5600A99308 /* Base */ = {isa = PBXFileReference; lastKnownFileType = file.storyboard; name = Base; path = Base.lproj/Main_iPad.storyboard; sourceTree = "<group>"; };
		776BD644191DDE5600A99308 /* ViewController.h */ = {isa = PBXFileReference; lastKnownFileType = sourcecode.c.h; path = ViewController.h; sourceTree = "<group>"; };
		776BD645191DDE5600A99308 /* ViewController.m */ = {isa = PBXFileReference; lastKnownFileType = sourcecode.c.objc; path = ViewController.m; sourceTree = "<group>"; };
		776BD647191DDE5600A99308 /* Images.xcassets */ = {isa = PBXFileReference; lastKnownFileType = folder.assetcatalog; path = Images.xcassets; sourceTree = "<group>"; };
		776BD64D191DDE5600A99308 /* OpenMapTests.xctest */ = {isa = PBXFileReference; explicitFileType = wrapper.cfbundle; includeInIndex = 0; path = OpenMapTests.xctest; sourceTree = BUILT_PRODUCTS_DIR; };
		776BD64E191DDE5600A99308 /* XCTest.framework */ = {isa = PBXFileReference; lastKnownFileType = wrapper.framework; name = XCTest.framework; path = Library/Frameworks/XCTest.framework; sourceTree = DEVELOPER_DIR; };
		776BD656191DDE5600A99308 /* OpenMapTests-Info.plist */ = {isa = PBXFileReference; lastKnownFileType = text.plist.xml; path = "OpenMapTests-Info.plist"; sourceTree = "<group>"; };
		776BD658191DDE5600A99308 /* en */ = {isa = PBXFileReference; lastKnownFileType = text.plist.strings; name = en; path = en.lproj/InfoPlist.strings; sourceTree = "<group>"; };
		776BD65A191DDE5600A99308 /* OpenMapTests.m */ = {isa = PBXFileReference; lastKnownFileType = sourcecode.c.objc; path = OpenMapTests.m; sourceTree = "<group>"; };
		776BD666191DDE9000A99308 /* AVFoundation.framework */ = {isa = PBXFileReference; lastKnownFileType = wrapper.framework; name = AVFoundation.framework; path = System/Library/Frameworks/AVFoundation.framework; sourceTree = SDKROOT; };
		776BD668191DDEA100A99308 /* CoreData.framework */ = {isa = PBXFileReference; lastKnownFileType = wrapper.framework; name = CoreData.framework; path = System/Library/Frameworks/CoreData.framework; sourceTree = SDKROOT; };
		776BD669191DDEA100A99308 /* CoreFoundation.framework */ = {isa = PBXFileReference; lastKnownFileType = wrapper.framework; name = CoreFoundation.framework; path = System/Library/Frameworks/CoreFoundation.framework; sourceTree = SDKROOT; };
		776BD66A191DDEA100A99308 /* CoreText.framework */ = {isa = PBXFileReference; lastKnownFileType = wrapper.framework; name = CoreText.framework; path = System/Library/Frameworks/CoreText.framework; sourceTree = SDKROOT; };
		776BD66B191DDEA100A99308 /* GLKit.framework */ = {isa = PBXFileReference; lastKnownFileType = wrapper.framework; name = GLKit.framework; path = System/Library/Frameworks/GLKit.framework; sourceTree = SDKROOT; };
		776BD670191DDEAB00A99308 /* ImageIO.framework */ = {isa = PBXFileReference; lastKnownFileType = wrapper.framework; name = ImageIO.framework; path = System/Library/Frameworks/ImageIO.framework; sourceTree = SDKROOT; };
		776BD672191DDEDC00A99308 /* libc++.dylib */ = {isa = PBXFileReference; lastKnownFileType = "compiled.mach-o.dylib"; name = "libc++.dylib"; path = "usr/lib/libc++.dylib"; sourceTree = SDKROOT; };
		776BD673191DDEDC00A99308 /* libicucore.dylib */ = {isa = PBXFileReference; lastKnownFileType = "compiled.mach-o.dylib"; name = libicucore.dylib; path = usr/lib/libicucore.dylib; sourceTree = SDKROOT; };
		776BD674191DDEDC00A99308 /* libz.dylib */ = {isa = PBXFileReference; lastKnownFileType = "compiled.mach-o.dylib"; name = libz.dylib; path = usr/lib/libz.dylib; sourceTree = SDKROOT; };
		776BD678191DDEEE00A99308 /* OpenGLES.framework */ = {isa = PBXFileReference; lastKnownFileType = wrapper.framework; name = OpenGLES.framework; path = System/Library/Frameworks/OpenGLES.framework; sourceTree = SDKROOT; };
		776BD679191DDEEE00A99308 /* QuartzCore.framework */ = {isa = PBXFileReference; lastKnownFileType = wrapper.framework; name = QuartzCore.framework; path = System/Library/Frameworks/QuartzCore.framework; sourceTree = SDKROOT; };
		776BD67A191DDEEE00A99308 /* SystemConfiguration.framework */ = {isa = PBXFileReference; lastKnownFileType = wrapper.framework; name = SystemConfiguration.framework; path = System/Library/Frameworks/SystemConfiguration.framework; sourceTree = SDKROOT; };
		776BD67E191DDF6700A99308 /* GoogleMaps.framework */ = {isa = PBXFileReference; lastKnownFileType = wrapper.framework; name = GoogleMaps.framework; path = "../../../../Downloads/GoogleMaps-iOS-1.8.0/GoogleMaps.framework"; sourceTree = "<group>"; };
		776BD680191DDFA300A99308 /* keys.h */ = {isa = PBXFileReference; lastKnownFileType = sourcecode.c.h; path = keys.h; sourceTree = "<group>"; };
		776BD681191DE39B00A99308 /* GoogleMaps.framework */ = {isa = PBXFileReference; lastKnownFileType = wrapper.framework; name = GoogleMaps.framework; path = OpenMap/GoogleMaps.framework; sourceTree = "<group>"; };
		776BD684191DE45500A99308 /* GoogleMaps.bundle */ = {isa = PBXFileReference; lastKnownFileType = "wrapper.plug-in"; name = GoogleMaps.bundle; path = OpenMap/GoogleMaps.framework/Resources/GoogleMaps.bundle; sourceTree = "<group>"; };
		776BD687191DF4FE00A99308 /* DataModel.xcdatamodel */ = {isa = PBXFileReference; lastKnownFileType = wrapper.xcdatamodel; path = DataModel.xcdatamodel; sourceTree = "<group>"; };
		776BD697191E05EC00A99308 /* WBProjectParser.h */ = {isa = PBXFileReference; fileEncoding = 4; lastKnownFileType = sourcecode.c.h; path = WBProjectParser.h; sourceTree = "<group>"; };
		776BD698191E05EC00A99308 /* WBProjectParser.m */ = {isa = PBXFileReference; fileEncoding = 4; lastKnownFileType = sourcecode.c.objc; path = WBProjectParser.m; sourceTree = "<group>"; };
		776BD837191E2B8100A99308 /* WBProject.h */ = {isa = PBXFileReference; fileEncoding = 4; lastKnownFileType = sourcecode.c.h; path = WBProject.h; sourceTree = "<group>"; };
		776BD838191E2B8100A99308 /* WBProject.m */ = {isa = PBXFileReference; fileEncoding = 4; lastKnownFileType = sourcecode.c.objc; path = WBProject.m; sourceTree = "<group>"; };
		776BD83A191E478700A99308 /* WBProjectViewViewController.h */ = {isa = PBXFileReference; fileEncoding = 4; lastKnownFileType = sourcecode.c.h; path = WBProjectViewViewController.h; sourceTree = "<group>"; };
		776BD83B191E478700A99308 /* WBProjectViewViewController.m */ = {isa = PBXFileReference; fileEncoding = 4; lastKnownFileType = sourcecode.c.objc; path = WBProjectViewViewController.m; sourceTree = "<group>"; };
		776BD83D191E56E500A99308 /* JBBarChartView.h */ = {isa = PBXFileReference; fileEncoding = 4; lastKnownFileType = sourcecode.c.h; path = JBBarChartView.h; sourceTree = "<group>"; };
		776BD83E191E56E500A99308 /* JBBarChartView.m */ = {isa = PBXFileReference; fileEncoding = 4; lastKnownFileType = sourcecode.c.objc; path = JBBarChartView.m; sourceTree = "<group>"; };
		776BD83F191E56E500A99308 /* JBChartView.h */ = {isa = PBXFileReference; fileEncoding = 4; lastKnownFileType = sourcecode.c.h; path = JBChartView.h; sourceTree = "<group>"; };
		776BD840191E56E500A99308 /* JBChartView.m */ = {isa = PBXFileReference; fileEncoding = 4; lastKnownFileType = sourcecode.c.objc; path = JBChartView.m; sourceTree = "<group>"; };
		776BD841191E56E500A99308 /* JBLineChartView.h */ = {isa = PBXFileReference; fileEncoding = 4; lastKnownFileType = sourcecode.c.h; path = JBLineChartView.h; sourceTree = "<group>"; };
		776BD842191E56E500A99308 /* JBLineChartView.m */ = {isa = PBXFileReference; fileEncoding = 4; lastKnownFileType = sourcecode.c.objc; path = JBLineChartView.m; sourceTree = "<group>"; };
		776BD848191ED6A200A99308 /* ContractsViewController.h */ = {isa = PBXFileReference; fileEncoding = 4; lastKnownFileType = sourcecode.c.h; path = ContractsViewController.h; sourceTree = "<group>"; };
		776BD849191ED6A200A99308 /* ContractsViewController.m */ = {isa = PBXFileReference; fileEncoding = 4; lastKnownFileType = sourcecode.c.objc; path = ContractsViewController.m; sourceTree = "<group>"; };
		776BD84B191EE8DC00A99308 /* DismissSegue.h */ = {isa = PBXFileReference; fileEncoding = 4; lastKnownFileType = sourcecode.c.h; path = DismissSegue.h; sourceTree = "<group>"; };
		776BD84C191EE8DC00A99308 /* DismissSegue.m */ = {isa = PBXFileReference; fileEncoding = 4; lastKnownFileType = sourcecode.c.objc; path = DismissSegue.m; sourceTree = "<group>"; };
		776BD84E191EEF5900A99308 /* Email-Icon.png */ = {isa = PBXFileReference; lastKnownFileType = image.png; path = "Email-Icon.png"; sourceTree = "<group>"; };
		776BD84F191EEF5900A99308 /* facebook-Icon.png */ = {isa = PBXFileReference; lastKnownFileType = image.png; path = "facebook-Icon.png"; sourceTree = "<group>"; };
		776BD850191EEF5900A99308 /* phone_icon.png */ = {isa = PBXFileReference; lastKnownFileType = image.png; path = phone_icon.png; sourceTree = "<group>"; };
		776BD851191EEF5900A99308 /* Twitter-Icon.png */ = {isa = PBXFileReference; lastKnownFileType = image.png; path = "Twitter-Icon.png"; sourceTree = "<group>"; };
		776BD852191EEF5900A99308 /* write.png */ = {isa = PBXFileReference; lastKnownFileType = image.png; path = write.png; sourceTree = "<group>"; };
		776BD853191EEF5900A99308 /* Youtube-Icon.png */ = {isa = PBXFileReference; lastKnownFileType = image.png; path = "Youtube-Icon.png"; sourceTree = "<group>"; };
		776BD85A191EEF9000A99308 /* warn.png */ = {isa = PBXFileReference; lastKnownFileType = image.png; path = warn.png; sourceTree = "<group>"; };
		776BD85C191EEFEF00A99308 /* CorruptionViewController.h */ = {isa = PBXFileReference; fileEncoding = 4; lastKnownFileType = sourcecode.c.h; path = CorruptionViewController.h; sourceTree = "<group>"; };
		776BD85D191EEFEF00A99308 /* CorruptionViewController.m */ = {isa = PBXFileReference; fileEncoding = 4; lastKnownFileType = sourcecode.c.objc; path = CorruptionViewController.m; sourceTree = "<group>"; };
/* End PBXFileReference section */

/* Begin PBXFrameworksBuildPhase section */
		776BD626191DDE5600A99308 /* Frameworks */ = {
			isa = PBXFrameworksBuildPhase;
			buildActionMask = 2147483647;
			files = (
				776BD683191DE3CD00A99308 /* GoogleMaps.framework in Frameworks */,
				776BD67B191DDEEE00A99308 /* OpenGLES.framework in Frameworks */,
				776BD67C191DDEEE00A99308 /* QuartzCore.framework in Frameworks */,
				776BD67D191DDEEE00A99308 /* SystemConfiguration.framework in Frameworks */,
				776BD675191DDEDC00A99308 /* libc++.dylib in Frameworks */,
				776BD676191DDEDC00A99308 /* libicucore.dylib in Frameworks */,
				776BD677191DDEDC00A99308 /* libz.dylib in Frameworks */,
				776BD671191DDEAB00A99308 /* ImageIO.framework in Frameworks */,
				776BD66C191DDEA100A99308 /* CoreData.framework in Frameworks */,
				776BD66D191DDEA100A99308 /* CoreFoundation.framework in Frameworks */,
				776BD66E191DDEA100A99308 /* CoreText.framework in Frameworks */,
				776BD66F191DDEA100A99308 /* GLKit.framework in Frameworks */,
				776BD667191DDE9000A99308 /* AVFoundation.framework in Frameworks */,
				776BD62F191DDE5600A99308 /* CoreGraphics.framework in Frameworks */,
				776BD631191DDE5600A99308 /* UIKit.framework in Frameworks */,
				776BD62D191DDE5600A99308 /* Foundation.framework in Frameworks */,
			);
			runOnlyForDeploymentPostprocessing = 0;
		};
		776BD64A191DDE5600A99308 /* Frameworks */ = {
			isa = PBXFrameworksBuildPhase;
			buildActionMask = 2147483647;
			files = (
				776BD64F191DDE5600A99308 /* XCTest.framework in Frameworks */,
				776BD651191DDE5600A99308 /* UIKit.framework in Frameworks */,
				776BD650191DDE5600A99308 /* Foundation.framework in Frameworks */,
			);
			runOnlyForDeploymentPostprocessing = 0;
		};
/* End PBXFrameworksBuildPhase section */

/* Begin PBXGroup section */
		776BD620191DDE5600A99308 = {
			isa = PBXGroup;
			children = (
				776BD632191DDE5600A99308 /* OpenMap */,
				776BD654191DDE5600A99308 /* OpenMapTests */,
				776BD62B191DDE5600A99308 /* Frameworks */,
				776BD62A191DDE5600A99308 /* Products */,
			);
			sourceTree = "<group>";
		};
		776BD62A191DDE5600A99308 /* Products */ = {
			isa = PBXGroup;
			children = (
				776BD629191DDE5600A99308 /* OpenMap.app */,
				776BD64D191DDE5600A99308 /* OpenMapTests.xctest */,
			);
			name = Products;
			sourceTree = "<group>";
		};
		776BD62B191DDE5600A99308 /* Frameworks */ = {
			isa = PBXGroup;
			children = (
				776BD681191DE39B00A99308 /* GoogleMaps.framework */,
				776BD684191DE45500A99308 /* GoogleMaps.bundle */,
				776BD67E191DDF6700A99308 /* GoogleMaps.framework */,
				776BD678191DDEEE00A99308 /* OpenGLES.framework */,
				776BD679191DDEEE00A99308 /* QuartzCore.framework */,
				776BD67A191DDEEE00A99308 /* SystemConfiguration.framework */,
				776BD672191DDEDC00A99308 /* libc++.dylib */,
				776BD673191DDEDC00A99308 /* libicucore.dylib */,
				776BD674191DDEDC00A99308 /* libz.dylib */,
				776BD670191DDEAB00A99308 /* ImageIO.framework */,
				776BD668191DDEA100A99308 /* CoreData.framework */,
				776BD669191DDEA100A99308 /* CoreFoundation.framework */,
				776BD66A191DDEA100A99308 /* CoreText.framework */,
				776BD66B191DDEA100A99308 /* GLKit.framework */,
				776BD666191DDE9000A99308 /* AVFoundation.framework */,
				776BD62C191DDE5600A99308 /* Foundation.framework */,
				776BD62E191DDE5600A99308 /* CoreGraphics.framework */,
				776BD630191DDE5600A99308 /* UIKit.framework */,
				776BD64E191DDE5600A99308 /* XCTest.framework */,
			);
			name = Frameworks;
			sourceTree = "<group>";
		};
		776BD632191DDE5600A99308 /* OpenMap */ = {
			isa = PBXGroup;
			children = (
				776BD68C191DF52200A99308 /* Resources */,
				776BD689191DF50800A99308 /* Model */,
				776BD68B191DF50F00A99308 /* Controller */,
				776BD68A191DF50C00A99308 /* View */,
				776BD647191DDE5600A99308 /* Images.xcassets */,
				776BD633191DDE5600A99308 /* Supporting Files */,
			);
			path = OpenMap;
			sourceTree = "<group>";
		};
		776BD633191DDE5600A99308 /* Supporting Files */ = {
			isa = PBXGroup;
			children = (
				7741F257191EF6CB00B04F2D /* Contractors.json */,
				776BD85A191EEF9000A99308 /* warn.png */,
				776BD84E191EEF5900A99308 /* Email-Icon.png */,
				776BD84F191EEF5900A99308 /* facebook-Icon.png */,
				776BD850191EEF5900A99308 /* phone_icon.png */,
				776BD851191EEF5900A99308 /* Twitter-Icon.png */,
				776BD852191EEF5900A99308 /* write.png */,
				776BD853191EEF5900A99308 /* Youtube-Icon.png */,
				776BD634191DDE5600A99308 /* OpenMap-Info.plist */,
				776BD635191DDE5600A99308 /* InfoPlist.strings */,
				776BD638191DDE5600A99308 /* main.m */,
				776BD63A191DDE5600A99308 /* OpenMap-Prefix.pch */,
			);
			name = "Supporting Files";
			sourceTree = "<group>";
		};
		776BD654191DDE5600A99308 /* OpenMapTests */ = {
			isa = PBXGroup;
			children = (
				776BD65A191DDE5600A99308 /* OpenMapTests.m */,
				776BD655191DDE5600A99308 /* Supporting Files */,
			);
			path = OpenMapTests;
			sourceTree = "<group>";
		};
		776BD655191DDE5600A99308 /* Supporting Files */ = {
			isa = PBXGroup;
			children = (
				776BD656191DDE5600A99308 /* OpenMapTests-Info.plist */,
				776BD657191DDE5600A99308 /* InfoPlist.strings */,
			);
			name = "Supporting Files";
			sourceTree = "<group>";
		};
		776BD689191DF50800A99308 /* Model */ = {
			isa = PBXGroup;
			children = (
				776BD846191E56E800A99308 /* External */,
				776BD686191DF4FE00A99308 /* DataModel.xcdatamodeld */,
				776BD697191E05EC00A99308 /* WBProjectParser.h */,
				776BD698191E05EC00A99308 /* WBProjectParser.m */,
				7741F254191EF3BA00B04F2D /* WBContractorParser.h */,
				7741F255191EF3BA00B04F2D /* WBContractorParser.m */,
				776BD837191E2B8100A99308 /* WBProject.h */,
				776BD838191E2B8100A99308 /* WBProject.m */,
				776BD63B191DDE5600A99308 /* AppDelegate.h */,
				776BD63C191DDE5600A99308 /* AppDelegate.m */,
			);
			name = Model;
			sourceTree = "<group>";
		};
		776BD68A191DF50C00A99308 /* View */ = {
			isa = PBXGroup;
			children = (
				7741F259191F0C4F00B04F2D /* graph.png */,
				776BD63E191DDE5600A99308 /* Main_iPhone.storyboard */,
				776BD84B191EE8DC00A99308 /* DismissSegue.h */,
				776BD84C191EE8DC00A99308 /* DismissSegue.m */,
				776BD641191DDE5600A99308 /* Main_iPad.storyboard */,
			);
			name = View;
			sourceTree = "<group>";
		};
		776BD68B191DF50F00A99308 /* Controller */ = {
			isa = PBXGroup;
			children = (
				776BD85C191EEFEF00A99308 /* CorruptionViewController.h */,
				776BD85D191EEFEF00A99308 /* CorruptionViewController.m */,
				776BD644191DDE5600A99308 /* ViewController.h */,
				776BD645191DDE5600A99308 /* ViewController.m */,
				776BD848191ED6A200A99308 /* ContractsViewController.h */,
				776BD849191ED6A200A99308 /* ContractsViewController.m */,
				776BD83A191E478700A99308 /* WBProjectViewViewController.h */,
				776BD83B191E478700A99308 /* WBProjectViewViewController.m */,
			);
			name = Controller;
			sourceTree = "<group>";
		};
		776BD68C191DF52200A99308 /* Resources */ = {
			isa = PBXGroup;
			children = (
				776BD680191DDFA300A99308 /* keys.h */,
			);
			name = Resources;
			sourceTree = "<group>";
		};
		776BD846191E56E800A99308 /* External */ = {
			isa = PBXGroup;
			children = (
				776BD847191E7FF300A99308 /* JBChartView */,
			);
			name = External;
			sourceTree = "<group>";
		};
		776BD847191E7FF300A99308 /* JBChartView */ = {
			isa = PBXGroup;
			children = (
				776BD83D191E56E500A99308 /* JBBarChartView.h */,
				776BD83E191E56E500A99308 /* JBBarChartView.m */,
				776BD83F191E56E500A99308 /* JBChartView.h */,
				776BD840191E56E500A99308 /* JBChartView.m */,
				776BD841191E56E500A99308 /* JBLineChartView.h */,
				776BD842191E56E500A99308 /* JBLineChartView.m */,
			);
			name = JBChartView;
			sourceTree = "<group>";
		};
/* End PBXGroup section */

/* Begin PBXNativeTarget section */
		776BD628191DDE5600A99308 /* OpenMap */ = {
			isa = PBXNativeTarget;
			buildConfigurationList = 776BD65E191DDE5600A99308 /* Build configuration list for PBXNativeTarget "OpenMap" */;
			buildPhases = (
				776BD625191DDE5600A99308 /* Sources */,
				776BD626191DDE5600A99308 /* Frameworks */,
				776BD627191DDE5600A99308 /* Resources */,
			);
			buildRules = (
			);
			dependencies = (
			);
			name = OpenMap;
			productName = OpenMap;
			productReference = 776BD629191DDE5600A99308 /* OpenMap.app */;
			productType = "com.apple.product-type.application";
		};
		776BD64C191DDE5600A99308 /* OpenMapTests */ = {
			isa = PBXNativeTarget;
			buildConfigurationList = 776BD661191DDE5600A99308 /* Build configuration list for PBXNativeTarget "OpenMapTests" */;
			buildPhases = (
				776BD649191DDE5600A99308 /* Sources */,
				776BD64A191DDE5600A99308 /* Frameworks */,
				776BD64B191DDE5600A99308 /* Resources */,
			);
			buildRules = (
			);
			dependencies = (
				776BD653191DDE5600A99308 /* PBXTargetDependency */,
			);
			name = OpenMapTests;
			productName = OpenMapTests;
			productReference = 776BD64D191DDE5600A99308 /* OpenMapTests.xctest */;
			productType = "com.apple.product-type.bundle.unit-test";
		};
/* End PBXNativeTarget section */

/* Begin PBXProject section */
		776BD621191DDE5600A99308 /* Project object */ = {
			isa = PBXProject;
			attributes = {
				LastUpgradeCheck = 0500;
				ORGANIZATIONNAME = "Jamil Dhanani";
				TargetAttributes = {
					776BD64C191DDE5600A99308 = {
						TestTargetID = 776BD628191DDE5600A99308;
					};
				};
			};
			buildConfigurationList = 776BD624191DDE5600A99308 /* Build configuration list for PBXProject "OpenMap" */;
			compatibilityVersion = "Xcode 3.2";
			developmentRegion = English;
			hasScannedForEncodings = 0;
			knownRegions = (
				en,
				Base,
			);
			mainGroup = 776BD620191DDE5600A99308;
			productRefGroup = 776BD62A191DDE5600A99308 /* Products */;
			projectDirPath = "";
			projectRoot = "";
			targets = (
				776BD628191DDE5600A99308 /* OpenMap */,
				776BD64C191DDE5600A99308 /* OpenMapTests */,
			);
		};
/* End PBXProject section */

/* Begin PBXResourcesBuildPhase section */
		776BD627191DDE5600A99308 /* Resources */ = {
			isa = PBXResourcesBuildPhase;
			buildActionMask = 2147483647;
			files = (
				776BD682191DE39B00A99308 /* GoogleMaps.framework in Resources */,
				776BD643191DDE5600A99308 /* Main_iPad.storyboard in Resources */,
				776BD859191EEF5900A99308 /* Youtube-Icon.png in Resources */,
				776BD648191DDE5600A99308 /* Images.xcassets in Resources */,
				776BD685191DE45500A99308 /* GoogleMaps.bundle in Resources */,
				776BD855191EEF5900A99308 /* facebook-Icon.png in Resources */,
				776BD640191DDE5600A99308 /* Main_iPhone.storyboard in Resources */,
				776BD637191DDE5600A99308 /* InfoPlist.strings in Resources */,
				776BD854191EEF5900A99308 /* Email-Icon.png in Resources */,
				7741F25A191F0C4F00B04F2D /* graph.png in Resources */,
				776BD857191EEF5900A99308 /* Twitter-Icon.png in Resources */,
				776BD85B191EEF9000A99308 /* warn.png in Resources */,
				776BD856191EEF5900A99308 /* phone_icon.png in Resources */,
				7741F258191EF6CB00B04F2D /* Contractors.json in Resources */,
				776BD858191EEF5900A99308 /* write.png in Resources */,
			);
			runOnlyForDeploymentPostprocessing = 0;
		};
		776BD64B191DDE5600A99308 /* Resources */ = {
			isa = PBXResourcesBuildPhase;
			buildActionMask = 2147483647;
			files = (
				776BD659191DDE5600A99308 /* InfoPlist.strings in Resources */,
			);
			runOnlyForDeploymentPostprocessing = 0;
		};
/* End PBXResourcesBuildPhase section */

/* Begin PBXSourcesBuildPhase section */
		776BD625191DDE5600A99308 /* Sources */ = {
			isa = PBXSourcesBuildPhase;
			buildActionMask = 2147483647;
			files = (
				7741F256191EF3BA00B04F2D /* WBContractorParser.m in Sources */,
				776BD646191DDE5600A99308 /* ViewController.m in Sources */,
				776BD844191E56E500A99308 /* JBChartView.m in Sources */,
				776BD84A191ED6A200A99308 /* ContractsViewController.m in Sources */,
				776BD843191E56E500A99308 /* JBBarChartView.m in Sources */,
				776BD688191DF4FE00A99308 /* DataModel.xcdatamodeld in Sources */,
				776BD839191E2B8100A99308 /* WBProject.m in Sources */,
				776BD845191E56E500A99308 /* JBLineChartView.m in Sources */,
				776BD85E191EEFEF00A99308 /* CorruptionViewController.m in Sources */,
				776BD83C191E478700A99308 /* WBProjectViewViewController.m in Sources */,
				776BD699191E05EC00A99308 /* WBProjectParser.m in Sources */,
				776BD63D191DDE5600A99308 /* AppDelegate.m in Sources */,
				776BD84D191EE8DC00A99308 /* DismissSegue.m in Sources */,
				776BD639191DDE5600A99308 /* main.m in Sources */,
			);
			runOnlyForDeploymentPostprocessing = 0;
		};
		776BD649191DDE5600A99308 /* Sources */ = {
			isa = PBXSourcesBuildPhase;
			buildActionMask = 2147483647;
			files = (
				776BD65B191DDE5600A99308 /* OpenMapTests.m in Sources */,
			);
			runOnlyForDeploymentPostprocessing = 0;
		};
/* End PBXSourcesBuildPhase section */

/* Begin PBXTargetDependency section */
		776BD653191DDE5600A99308 /* PBXTargetDependency */ = {
			isa = PBXTargetDependency;
			target = 776BD628191DDE5600A99308 /* OpenMap */;
			targetProxy = 776BD652191DDE5600A99308 /* PBXContainerItemProxy */;
		};
/* End PBXTargetDependency section */

/* Begin PBXVariantGroup section */
		776BD635191DDE5600A99308 /* InfoPlist.strings */ = {
			isa = PBXVariantGroup;
			children = (
				776BD636191DDE5600A99308 /* en */,
			);
			name = InfoPlist.strings;
			sourceTree = "<group>";
		};
		776BD63E191DDE5600A99308 /* Main_iPhone.storyboard */ = {
			isa = PBXVariantGroup;
			children = (
				776BD63F191DDE5600A99308 /* Base */,
			);
			name = Main_iPhone.storyboard;
			sourceTree = "<group>";
		};
		776BD641191DDE5600A99308 /* Main_iPad.storyboard */ = {
			isa = PBXVariantGroup;
			children = (
				776BD642191DDE5600A99308 /* Base */,
			);
			name = Main_iPad.storyboard;
			sourceTree = "<group>";
		};
		776BD657191DDE5600A99308 /* InfoPlist.strings */ = {
			isa = PBXVariantGroup;
			children = (
				776BD658191DDE5600A99308 /* en */,
			);
			name = InfoPlist.strings;
			sourceTree = "<group>";
		};
/* End PBXVariantGroup section */

/* Begin XCBuildConfiguration section */
		776BD65C191DDE5600A99308 /* Debug */ = {
			isa = XCBuildConfiguration;
			buildSettings = {
				ALWAYS_SEARCH_USER_PATHS = NO;
				ARCHS = "$(ARCHS_STANDARD_INCLUDING_64_BIT)";
				CLANG_CXX_LANGUAGE_STANDARD = "gnu++0x";
				CLANG_CXX_LIBRARY = "libc++";
				CLANG_ENABLE_MODULES = YES;
				CLANG_ENABLE_OBJC_ARC = YES;
				CLANG_WARN_BOOL_CONVERSION = YES;
				CLANG_WARN_CONSTANT_CONVERSION = YES;
				CLANG_WARN_DIRECT_OBJC_ISA_USAGE = YES_ERROR;
				CLANG_WARN_EMPTY_BODY = YES;
				CLANG_WARN_ENUM_CONVERSION = YES;
				CLANG_WARN_INT_CONVERSION = YES;
				CLANG_WARN_OBJC_ROOT_CLASS = YES_ERROR;
				CLANG_WARN__DUPLICATE_METHOD_MATCH = YES;
				"CODE_SIGN_IDENTITY[sdk=iphoneos*]" = "iPhone Developer";
				COPY_PHASE_STRIP = NO;
				GCC_C_LANGUAGE_STANDARD = gnu99;
				GCC_DYNAMIC_NO_PIC = NO;
				GCC_OPTIMIZATION_LEVEL = 0;
				GCC_PREPROCESSOR_DEFINITIONS = (
					"DEBUG=1",
					"$(inherited)",
				);
				GCC_SYMBOLS_PRIVATE_EXTERN = NO;
				GCC_WARN_64_TO_32_BIT_CONVERSION = YES;
				GCC_WARN_ABOUT_RETURN_TYPE = YES_ERROR;
				GCC_WARN_UNDECLARED_SELECTOR = YES;
				GCC_WARN_UNINITIALIZED_AUTOS = YES;
				GCC_WARN_UNUSED_FUNCTION = YES;
				GCC_WARN_UNUSED_VARIABLE = YES;
				IPHONEOS_DEPLOYMENT_TARGET = 7.0;
				ONLY_ACTIVE_ARCH = YES;
				SDKROOT = iphoneos;
				TARGETED_DEVICE_FAMILY = "1,2";
			};
			name = Debug;
		};
		776BD65D191DDE5600A99308 /* Release */ = {
			isa = XCBuildConfiguration;
			buildSettings = {
				ALWAYS_SEARCH_USER_PATHS = NO;
				ARCHS = "$(ARCHS_STANDARD_INCLUDING_64_BIT)";
				CLANG_CXX_LANGUAGE_STANDARD = "gnu++0x";
				CLANG_CXX_LIBRARY = "libc++";
				CLANG_ENABLE_MODULES = YES;
				CLANG_ENABLE_OBJC_ARC = YES;
				CLANG_WARN_BOOL_CONVERSION = YES;
				CLANG_WARN_CONSTANT_CONVERSION = YES;
				CLANG_WARN_DIRECT_OBJC_ISA_USAGE = YES_ERROR;
				CLANG_WARN_EMPTY_BODY = YES;
				CLANG_WARN_ENUM_CONVERSION = YES;
				CLANG_WARN_INT_CONVERSION = YES;
				CLANG_WARN_OBJC_ROOT_CLASS = YES_ERROR;
				CLANG_WARN__DUPLICATE_METHOD_MATCH = YES;
				"CODE_SIGN_IDENTITY[sdk=iphoneos*]" = "iPhone Developer";
				COPY_PHASE_STRIP = YES;
				ENABLE_NS_ASSERTIONS = NO;
				GCC_C_LANGUAGE_STANDARD = gnu99;
				GCC_WARN_64_TO_32_BIT_CONVERSION = YES;
				GCC_WARN_ABOUT_RETURN_TYPE = YES_ERROR;
				GCC_WARN_UNDECLARED_SELECTOR = YES;
				GCC_WARN_UNINITIALIZED_AUTOS = YES;
				GCC_WARN_UNUSED_FUNCTION = YES;
				GCC_WARN_UNUSED_VARIABLE = YES;
				IPHONEOS_DEPLOYMENT_TARGET = 7.0;
				SDKROOT = iphoneos;
				TARGETED_DEVICE_FAMILY = "1,2";
				VALIDATE_PRODUCT = YES;
			};
			name = Release;
		};
		776BD65F191DDE5600A99308 /* Debug */ = {
			isa = XCBuildConfiguration;
			buildSettings = {
				ASSETCATALOG_COMPILER_APPICON_NAME = AppIcon;
				ASSETCATALOG_COMPILER_LAUNCHIMAGE_NAME = LaunchImage;
				FRAMEWORK_SEARCH_PATHS = (
					"$(inherited)",
					"/Users/jamildhanani/Downloads/GoogleMaps-iOS-1.8.0",
					/Users/jamildhanani/Developer/iOS/Projects/OpenMap/OpenMap,
				);
				GCC_PRECOMPILE_PREFIX_HEADER = YES;
				GCC_PREFIX_HEADER = "OpenMap/OpenMap-Prefix.pch";
				INFOPLIST_FILE = "OpenMap/OpenMap-Info.plist";
				OTHER_LDFLAGS = "-ObjC";
				PRODUCT_NAME = "$(TARGET_NAME)";
				WRAPPER_EXTENSION = app;
			};
			name = Debug;
		};
		776BD660191DDE5600A99308 /* Release */ = {
			isa = XCBuildConfiguration;
			buildSettings = {
				ASSETCATALOG_COMPILER_APPICON_NAME = AppIcon;
				ASSETCATALOG_COMPILER_LAUNCHIMAGE_NAME = LaunchImage;
				FRAMEWORK_SEARCH_PATHS = (
					"$(inherited)",
					"/Users/jamildhanani/Downloads/GoogleMaps-iOS-1.8.0",
					/Users/jamildhanani/Developer/iOS/Projects/OpenMap/OpenMap,
				);
				GCC_PRECOMPILE_PREFIX_HEADER = YES;
				GCC_PREFIX_HEADER = "OpenMap/OpenMap-Prefix.pch";
				INFOPLIST_FILE = "OpenMap/OpenMap-Info.plist";
				OTHER_LDFLAGS = "-ObjC";
				PRODUCT_NAME = "$(TARGET_NAME)";
				WRAPPER_EXTENSION = app;
			};
			name = Release;
		};
		776BD662191DDE5600A99308 /* Debug */ = {
			isa = XCBuildConfiguration;
			buildSettings = {
				ARCHS = "$(ARCHS_STANDARD_INCLUDING_64_BIT)";
				BUNDLE_LOADER = "$(BUILT_PRODUCTS_DIR)/OpenMap.app/OpenMap";
				FRAMEWORK_SEARCH_PATHS = (
					"$(SDKROOT)/Developer/Library/Frameworks",
					"$(inherited)",
					"$(DEVELOPER_FRAMEWORKS_DIR)",
				);
				GCC_PRECOMPILE_PREFIX_HEADER = YES;
				GCC_PREFIX_HEADER = "OpenMap/OpenMap-Prefix.pch";
				GCC_PREPROCESSOR_DEFINITIONS = (
					"DEBUG=1",
					"$(inherited)",
				);
				INFOPLIST_FILE = "OpenMapTests/OpenMapTests-Info.plist";
				PRODUCT_NAME = "$(TARGET_NAME)";
				TEST_HOST = "$(BUNDLE_LOADER)";
				WRAPPER_EXTENSION = xctest;
			};
			name = Debug;
		};
		776BD663191DDE5600A99308 /* Release */ = {
			isa = XCBuildConfiguration;
			buildSettings = {
				ARCHS = "$(ARCHS_STANDARD_INCLUDING_64_BIT)";
				BUNDLE_LOADER = "$(BUILT_PRODUCTS_DIR)/OpenMap.app/OpenMap";
				FRAMEWORK_SEARCH_PATHS = (
					"$(SDKROOT)/Developer/Library/Frameworks",
					"$(inherited)",
					"$(DEVELOPER_FRAMEWORKS_DIR)",
				);
				GCC_PRECOMPILE_PREFIX_HEADER = YES;
				GCC_PREFIX_HEADER = "OpenMap/OpenMap-Prefix.pch";
				INFOPLIST_FILE = "OpenMapTests/OpenMapTests-Info.plist";
				PRODUCT_NAME = "$(TARGET_NAME)";
				TEST_HOST = "$(BUNDLE_LOADER)";
				WRAPPER_EXTENSION = xctest;
			};
			name = Release;
		};
/* End XCBuildConfiguration section */

/* Begin XCConfigurationList section */
		776BD624191DDE5600A99308 /* Build configuration list for PBXProject "OpenMap" */ = {
			isa = XCConfigurationList;
			buildConfigurations = (
				776BD65C191DDE5600A99308 /* Debug */,
				776BD65D191DDE5600A99308 /* Release */,
			);
			defaultConfigurationIsVisible = 0;
			defaultConfigurationName = Release;
		};
		776BD65E191DDE5600A99308 /* Build configuration list for PBXNativeTarget "OpenMap" */ = {
			isa = XCConfigurationList;
			buildConfigurations = (
				776BD65F191DDE5600A99308 /* Debug */,
				776BD660191DDE5600A99308 /* Release */,
			);
			defaultConfigurationIsVisible = 0;
			defaultConfigurationName = Release;
		};
		776BD661191DDE5600A99308 /* Build configuration list for PBXNativeTarget "OpenMapTests" */ = {
			isa = XCConfigurationList;
			buildConfigurations = (
				776BD662191DDE5600A99308 /* Debug */,
				776BD663191DDE5600A99308 /* Release */,
			);
			defaultConfigurationIsVisible = 0;
			defaultConfigurationName = Release;
		};
/* End XCConfigurationList section */

/* Begin XCVersionGroup section */
		776BD686191DF4FE00A99308 /* DataModel.xcdatamodeld */ = {
			isa = XCVersionGroup;
			children = (
				776BD687191DF4FE00A99308 /* DataModel.xcdatamodel */,
			);
			currentVersion = 776BD687191DF4FE00A99308 /* DataModel.xcdatamodel */;
			path = DataModel.xcdatamodeld;
			sourceTree = "<group>";
			versionGroupType = wrapper.xcdatamodel;
		};
/* End XCVersionGroup section */
	};
	rootObject = 776BD621191DDE5600A99308 /* Project object */;
}
