// !$*UTF8*$!
{
	archiveVersion = 1;
	classes = {
	};
	objectVersion = 46;
	objects = {

/* Begin PBXBuildFile section */
		776BD62D191DDE5600A99308 /* Foundation.framework in Frameworks */ = {isa = PBXBuildFile; fileRef = 776BD62C191DDE5600A99308 /* Foundation.framework */; };
		776BD62F191DDE5600A99308 /* CoreGraphics.framework in Frameworks */ = {isa = PBXBuildFile; fileRef = 776BD62E191DDE5600A99308 /* CoreGraphics.framework */; };
		776BD631191DDE5600A99308 /* UIKit.framework in Frameworks */ = {isa = PBXBuildFile; fileRef = 776BD630191DDE5600A99308 /* UIKit.framework */; };
		776BD637191DDE5600A99308 /* InfoPlist.strings in Resources */ = {isa = PBXBuildFile; fileRef = 776BD635191DDE5600A99308 /* InfoPlist.strings */; };
		776BD639191DDE5600A99308 /* main.m in Sources */ = {isa = PBXBuildFile; fileRef = 776BD638191DDE5600A99308 /* main.m */; };
		776BD63D191DDE5600A99308 /* AppDelegate.m in Sources */ = {isa = PBXBuildFile; fileRef = 776BD63C191DDE5600A99308 /* AppDelegate.m */; };
		776BD640191DDE5600A99308 /* Main_iPhone.storyboard in Resources */ = {isa = PBXBuildFile; fileRef = 776BD63E191DDE5600A99308 /* Main_iPhone.storyboard */; };
		776BD643191DDE5600A99308 /* Main_iPad.storyboard in Resources */ = {isa = PBXBuildFile; fileRef = 776BD641191DDE5600A99308 /* Main_iPad.storyboard */; };
		776BD646191DDE5600A99308 /* ViewController.m in Sources */ = {isa = PBXBuildFile; fileRef = 776BD645191DDE5600A99308 /* ViewController.m */; };
		776BD648191DDE5600A99308 /* Images.xcassets in Resources */ = {isa = PBXBuildFile; fileRef = 776BD647191DDE5600A99308 /* Images.xcassets */; };
		776BD64F191DDE5600A99308 /* XCTest.framework in Frameworks */ = {isa = PBXBuildFile; fileRef = 776BD64E191DDE5600A99308 /* XCTest.framework */; };
		776BD650191DDE5600A99308 /* Foundation.framework in Frameworks */ = {isa = PBXBuildFile; fileRef = 776BD62C191DDE5600A99308 /* Foundation.framework */; };
		776BD651191DDE5600A99308 /* UIKit.framework in Frameworks */ = {isa = PBXBuildFile; fileRef = 776BD630191DDE5600A99308 /* UIKit.framework */; };
		776BD659191DDE5600A99308 /* InfoPlist.strings in Resources */ = {isa = PBXBuildFile; fileRef = 776BD657191DDE5600A99308 /* InfoPlist.strings */; };
		776BD65B191DDE5600A99308 /* OpenMapTests.m in Sources */ = {isa = PBXBuildFile; fileRef = 776BD65A191DDE5600A99308 /* OpenMapTests.m */; };
/* End PBXBuildFile section */

/* Begin PBXContainerItemProxy section */
		776BD652191DDE5600A99308 /* PBXContainerItemProxy */ = {
			isa = PBXContainerItemProxy;
			containerPortal = 776BD621191DDE5600A99308 /* Project object */;
			proxyType = 1;
			remoteGlobalIDString = 776BD628191DDE5600A99308;
			remoteInfo = OpenMap;
		};
/* End PBXContainerItemProxy section */

/* Begin PBXFileReference section */
		776BD629191DDE5600A99308 /* OpenMap.app */ = {isa = PBXFileReference; explicitFileType = wrapper.application; includeInIndex = 0; path = OpenMap.app; sourceTree = BUILT_PRODUCTS_DIR; };
		776BD62C191DDE5600A99308 /* Foundation.framework */ = {isa = PBXFileReference; lastKnownFileType = wrapper.framework; name = Foundation.framework; path = System/Library/Frameworks/Foundation.framework; sourceTree = SDKROOT; };
		776BD62E191DDE5600A99308 /* CoreGraphics.framework */ = {isa = PBXFileReference; lastKnownFileType = wrapper.framework; name = CoreGraphics.framework; path = System/Library/Frameworks/CoreGraphics.framework; sourceTree = SDKROOT; };
		776BD630191DDE5600A99308 /* UIKit.framework */ = {isa = PBXFileReference; lastKnownFileType = wrapper.framework; name = UIKit.framework; path = System/Library/Frameworks/UIKit.framework; sourceTree = SDKROOT; };
		776BD634191DDE5600A99308 /* OpenMap-Info.plist */ = {isa = PBXFileReference; lastKnownFileType = text.plist.xml; path = "OpenMap-Info.plist"; sourceTree = "<group>"; };
		776BD636191DDE5600A99308 /* en */ = {isa = PBXFileReference; lastKnownFileType = text.plist.strings; name = en; path = en.lproj/InfoPlist.strings; sourceTree = "<group>"; };
		776BD638191DDE5600A99308 /* main.m */ = {isa = PBXFileReference; lastKnownFileType = sourcecode.c.objc; path = main.m; sourceTree = "<group>"; };
		776BD63A191DDE5600A99308 /* OpenMap-Prefix.pch */ = {isa = PBXFileReference; lastKnownFileType = sourcecode.c.h; path = "OpenMap-Prefix.pch"; sourceTree = "<group>"; };
		776BD63B191DDE5600A99308 /* AppDelegate.h */ = {isa = PBXFileReference; lastKnownFileType = sourcecode.c.h; path = AppDelegate.h; sourceTree = "<group>"; };
		776BD63C191DDE5600A99308 /* AppDelegate.m */ = {isa = PBXFileReference; lastKnownFileType = sourcecode.c.objc; path = AppDelegate.m; sourceTree = "<group>"; };
		776BD63F191DDE5600A99308 /* Base */ = {isa = PBXFileReference; lastKnownFileType = file.storyboard; name = Base; path = Base.lproj/Main_iPhone.storyboard; sourceTree = "<group>"; };
		776BD642191DDE5600A99308 /* Base */ = {isa = PBXFileReference; lastKnownFileType = file.storyboard; name = Base; path = Base.lproj/Main_iPad.storyboard; sourceTree = "<group>"; };
		776BD644191DDE5600A99308 /* ViewController.h */ = {isa = PBXFileReference; lastKnownFileType = sourcecode.c.h; path = ViewController.h; sourceTree = "<group>"; };
		776BD645191DDE5600A99308 /* ViewController.m */ = {isa = PBXFileReference; lastKnownFileType = sourcecode.c.objc; path = ViewController.m; sourceTree = "<group>"; };
		776BD647191DDE5600A99308 /* Images.xcassets */ = {isa = PBXFileReference; lastKnownFileType = folder.assetcatalog; path = Images.xcassets; sourceTree = "<group>"; };
		776BD64D191DDE5600A99308 /* OpenMapTests.xctest */ = {isa = PBXFileReference; explicitFileType = wrapper.cfbundle; includeInIndex = 0; path = OpenMapTests.xctest; sourceTree = BUILT_PRODUCTS_DIR; };
		776BD64E191DDE5600A99308 /* XCTest.framework */ = {isa = PBXFileReference; lastKnownFileType = wrapper.framework; name = XCTest.framework; path = Library/Frameworks/XCTest.framework; sourceTree = DEVELOPER_DIR; };
		776BD656191DDE5600A99308 /* OpenMapTests-Info.plist */ = {isa = PBXFileReference; lastKnownFileType = text.plist.xml; path = "OpenMapTests-Info.plist"; sourceTree = "<group>"; };
		776BD658191DDE5600A99308 /* en */ = {isa = PBXFileReference; lastKnownFileType = text.plist.strings; name = en; path = en.lproj/InfoPlist.strings; sourceTree = "<group>"; };
		776BD65A191DDE5600A99308 /* OpenMapTests.m */ = {isa = PBXFileReference; lastKnownFileType = sourcecode.c.objc; path = OpenMapTests.m; sourceTree = "<group>"; };
/* End PBXFileReference section */

/* Begin PBXFrameworksBuildPhase section */
		776BD626191DDE5600A99308 /* Frameworks */ = {
			isa = PBXFrameworksBuildPhase;
			buildActionMask = 2147483647;
			files = (
				776BD62F191DDE5600A99308 /* CoreGraphics.framework in Frameworks */,
				776BD631191DDE5600A99308 /* UIKit.framework in Frameworks */,
				776BD62D191DDE5600A99308 /* Foundation.framework in Frameworks */,
			);
			runOnlyForDeploymentPostprocessing = 0;
		};
		776BD64A191DDE5600A99308 /* Frameworks */ = {
			isa = PBXFrameworksBuildPhase;
			buildActionMask = 2147483647;
			files = (
				776BD64F191DDE5600A99308 /* XCTest.framework in Frameworks */,
				776BD651191DDE5600A99308 /* UIKit.framework in Frameworks */,
				776BD650191DDE5600A99308 /* Foundation.framework in Frameworks */,
			);
			runOnlyForDeploymentPostprocessing = 0;
		};
/* End PBXFrameworksBuildPhase section */

/* Begin PBXGroup section */
		776BD620191DDE5600A99308 = {
			isa = PBXGroup;
			children = (
				776BD632191DDE5600A99308 /* OpenMap */,
				776BD654191DDE5600A99308 /* OpenMapTests */,
				776BD62B191DDE5600A99308 /* Frameworks */,
				776BD62A191DDE5600A99308 /* Products */,
			);
			sourceTree = "<group>";
		};
		776BD62A191DDE5600A99308 /* Products */ = {
			isa = PBXGroup;
			children = (
				776BD629191DDE5600A99308 /* OpenMap.app */,
				776BD64D191DDE5600A99308 /* OpenMapTests.xctest */,
			);
			name = Products;
			sourceTree = "<group>";
		};
		776BD62B191DDE5600A99308 /* Frameworks */ = {
			isa = PBXGroup;
			children = (
				776BD62C191DDE5600A99308 /* Foundation.framework */,
				776BD62E191DDE5600A99308 /* CoreGraphics.framework */,
				776BD630191DDE5600A99308 /* UIKit.framework */,
				776BD64E191DDE5600A99308 /* XCTest.framework */,
			);
			name = Frameworks;
			sourceTree = "<group>";
		};
		776BD632191DDE5600A99308 /* OpenMap */ = {
			isa = PBXGroup;
			children = (
				776BD63B191DDE5600A99308 /* AppDelegate.h */,
				776BD63C191DDE5600A99308 /* AppDelegate.m */,
				776BD63E191DDE5600A99308 /* Main_iPhone.storyboard */,
				776BD641191DDE5600A99308 /* Main_iPad.storyboard */,
				776BD644191DDE5600A99308 /* ViewController.h */,
				776BD645191DDE5600A99308 /* ViewController.m */,
				776BD647191DDE5600A99308 /* Images.xcassets */,
				776BD633191DDE5600A99308 /* Supporting Files */,
			);
			path = OpenMap;
			sourceTree = "<group>";
		};
		776BD633191DDE5600A99308 /* Supporting Files */ = {
			isa = PBXGroup;
			children = (
				776BD634191DDE5600A99308 /* OpenMap-Info.plist */,
				776BD635191DDE5600A99308 /* InfoPlist.strings */,
				776BD638191DDE5600A99308 /* main.m */,
				776BD63A191DDE5600A99308 /* OpenMap-Prefix.pch */,
			);
			name = "Supporting Files";
			sourceTree = "<group>";
		};
		776BD654191DDE5600A99308 /* OpenMapTests */ = {
			isa = PBXGroup;
			children = (
				776BD65A191DDE5600A99308 /* OpenMapTests.m */,
				776BD655191DDE5600A99308 /* Supporting Files */,
			);
			path = OpenMapTests;
			sourceTree = "<group>";
		};
		776BD655191DDE5600A99308 /* Supporting Files */ = {
			isa = PBXGroup;
			children = (
				776BD656191DDE5600A99308 /* OpenMapTests-Info.plist */,
				776BD657191DDE5600A99308 /* InfoPlist.strings */,
			);
			name = "Supporting Files";
			sourceTree = "<group>";
		};
/* End PBXGroup section */

/* Begin PBXNativeTarget section */
		776BD628191DDE5600A99308 /* OpenMap */ = {
			isa = PBXNativeTarget;
			buildConfigurationList = 776BD65E191DDE5600A99308 /* Build configuration list for PBXNativeTarget "OpenMap" */;
			buildPhases = (
				776BD625191DDE5600A99308 /* Sources */,
				776BD626191DDE5600A99308 /* Frameworks */,
				776BD627191DDE5600A99308 /* Resources */,
			);
			buildRules = (
			);
			dependencies = (
			);
			name = OpenMap;
			productName = OpenMap;
			productReference = 776BD629191DDE5600A99308 /* OpenMap.app */;
			productType = "com.apple.product-type.application";
		};
		776BD64C191DDE5600A99308 /* OpenMapTests */ = {
			isa = PBXNativeTarget;
			buildConfigurationList = 776BD661191DDE5600A99308 /* Build configuration list for PBXNativeTarget "OpenMapTests" */;
			buildPhases = (
				776BD649191DDE5600A99308 /* Sources */,
				776BD64A191DDE5600A99308 /* Frameworks */,
				776BD64B191DDE5600A99308 /* Resources */,
			);
			buildRules = (
			);
			dependencies = (
				776BD653191DDE5600A99308 /* PBXTargetDependency */,
			);
			name = OpenMapTests;
			productName = OpenMapTests;
			productReference = 776BD64D191DDE5600A99308 /* OpenMapTests.xctest */;
			productType = "com.apple.product-type.bundle.unit-test";
		};
/* End PBXNativeTarget section */

/* Begin PBXProject section */
		776BD621191DDE5600A99308 /* Project object */ = {
			isa = PBXProject;
			attributes = {
				LastUpgradeCheck = 0500;
				ORGANIZATIONNAME = "Jamil Dhanani";
				TargetAttributes = {
					776BD64C191DDE5600A99308 = {
						TestTargetID = 776BD628191DDE5600A99308;
					};
				};
			};
			buildConfigurationList = 776BD624191DDE5600A99308 /* Build configuration list for PBXProject "OpenMap" */;
			compatibilityVersion = "Xcode 3.2";
			developmentRegion = English;
			hasScannedForEncodings = 0;
			knownRegions = (
				en,
				Base,
			);
			mainGroup = 776BD620191DDE5600A99308;
			productRefGroup = 776BD62A191DDE5600A99308 /* Products */;
			projectDirPath = "";
			projectRoot = "";
			targets = (
				776BD628191DDE5600A99308 /* OpenMap */,
				776BD64C191DDE5600A99308 /* OpenMapTests */,
			);
		};
/* End PBXProject section */

/* Begin PBXResourcesBuildPhase section */
		776BD627191DDE5600A99308 /* Resources */ = {
			isa = PBXResourcesBuildPhase;
			buildActionMask = 2147483647;
			files = (
				776BD643191DDE5600A99308 /* Main_iPad.storyboard in Resources */,
				776BD648191DDE5600A99308 /* Images.xcassets in Resources */,
				776BD640191DDE5600A99308 /* Main_iPhone.storyboard in Resources */,
				776BD637191DDE5600A99308 /* InfoPlist.strings in Resources */,
			);
			runOnlyForDeploymentPostprocessing = 0;
		};
		776BD64B191DDE5600A99308 /* Resources */ = {
			isa = PBXResourcesBuildPhase;
			buildActionMask = 2147483647;
			files = (
				776BD659191DDE5600A99308 /* InfoPlist.strings in Resources */,
			);
			runOnlyForDeploymentPostprocessing = 0;
		};
/* End PBXResourcesBuildPhase section */

/* Begin PBXSourcesBuildPhase section */
		776BD625191DDE5600A99308 /* Sources */ = {
			isa = PBXSourcesBuildPhase;
			buildActionMask = 2147483647;
			files = (
				776BD646191DDE5600A99308 /* ViewController.m in Sources */,
				776BD63D191DDE5600A99308 /* AppDelegate.m in Sources */,
				776BD639191DDE5600A99308 /* main.m in Sources */,
			);
			runOnlyForDeploymentPostprocessing = 0;
		};
		776BD649191DDE5600A99308 /* Sources */ = {
			isa = PBXSourcesBuildPhase;
			buildActionMask = 2147483647;
			files = (
				776BD65B191DDE5600A99308 /* OpenMapTests.m in Sources */,
			);
			runOnlyForDeploymentPostprocessing = 0;
		};
/* End PBXSourcesBuildPhase section */

/* Begin PBXTargetDependency section */
		776BD653191DDE5600A99308 /* PBXTargetDependency */ = {
			isa = PBXTargetDependency;
			target = 776BD628191DDE5600A99308 /* OpenMap */;
			targetProxy = 776BD652191DDE5600A99308 /* PBXContainerItemProxy */;
		};
/* End PBXTargetDependency section */

/* Begin PBXVariantGroup section */
		776BD635191DDE5600A99308 /* InfoPlist.strings */ = {
			isa = PBXVariantGroup;
			children = (
				776BD636191DDE5600A99308 /* en */,
			);
			name = InfoPlist.strings;
			sourceTree = "<group>";
		};
		776BD63E191DDE5600A99308 /* Main_iPhone.storyboard */ = {
			isa = PBXVariantGroup;
			children = (
				776BD63F191DDE5600A99308 /* Base */,
			);
			name = Main_iPhone.storyboard;
			sourceTree = "<group>";
		};
		776BD641191DDE5600A99308 /* Main_iPad.storyboard */ = {
			isa = PBXVariantGroup;
			children = (
				776BD642191DDE5600A99308 /* Base */,
			);
			name = Main_iPad.storyboard;
			sourceTree = "<group>";
		};
		776BD657191DDE5600A99308 /* InfoPlist.strings */ = {
			isa = PBXVariantGroup;
			children = (
				776BD658191DDE5600A99308 /* en */,
			);
			name = InfoPlist.strings;
			sourceTree = "<group>";
		};
/* End PBXVariantGroup section */

/* Begin XCBuildConfiguration section */
		776BD65C191DDE5600A99308 /* Debug */ = {
			isa = XCBuildConfiguration;
			buildSettings = {
				ALWAYS_SEARCH_USER_PATHS = NO;
				ARCHS = "$(ARCHS_STANDARD_INCLUDING_64_BIT)";
				CLANG_CXX_LANGUAGE_STANDARD = "gnu++0x";
				CLANG_CXX_LIBRARY = "libc++";
				CLANG_ENABLE_MODULES = YES;
				CLANG_ENABLE_OBJC_ARC = YES;
				CLANG_WARN_BOOL_CONVERSION = YES;
				CLANG_WARN_CONSTANT_CONVERSION = YES;
				CLANG_WARN_DIRECT_OBJC_ISA_USAGE = YES_ERROR;
				CLANG_WARN_EMPTY_BODY = YES;
				CLANG_WARN_ENUM_CONVERSION = YES;
				CLANG_WARN_INT_CONVERSION = YES;
				CLANG_WARN_OBJC_ROOT_CLASS = YES_ERROR;
				CLANG_WARN__DUPLICATE_METHOD_MATCH = YES;
				"CODE_SIGN_IDENTITY[sdk=iphoneos*]" = "iPhone Developer";
				COPY_PHASE_STRIP = NO;
				GCC_C_LANGUAGE_STANDARD = gnu99;
				GCC_DYNAMIC_NO_PIC = NO;
				GCC_OPTIMIZATION_LEVEL = 0;
				GCC_PREPROCESSOR_DEFINITIONS = (
					"DEBUG=1",
					"$(inherited)",
				);
				GCC_SYMBOLS_PRIVATE_EXTERN = NO;
				GCC_WARN_64_TO_32_BIT_CONVERSION = YES;
				GCC_WARN_ABOUT_RETURN_TYPE = YES_ERROR;
				GCC_WARN_UNDECLARED_SELECTOR = YES;
				GCC_WARN_UNINITIALIZED_AUTOS = YES;
				GCC_WARN_UNUSED_FUNCTION = YES;
				GCC_WARN_UNUSED_VARIABLE = YES;
				IPHONEOS_DEPLOYMENT_TARGET = 7.0;
				ONLY_ACTIVE_ARCH = YES;
				SDKROOT = iphoneos;
				TARGETED_DEVICE_FAMILY = "1,2";
			};
			name = Debug;
		};
		776BD65D191DDE5600A99308 /* Release */ = {
			isa = XCBuildConfiguration;
			buildSettings = {
				ALWAYS_SEARCH_USER_PATHS = NO;
				ARCHS = "$(ARCHS_STANDARD_INCLUDING_64_BIT)";
				CLANG_CXX_LANGUAGE_STANDARD = "gnu++0x";
				CLANG_CXX_LIBRARY = "libc++";
				CLANG_ENABLE_MODULES = YES;
				CLANG_ENABLE_OBJC_ARC = YES;
				CLANG_WARN_BOOL_CONVERSION = YES;
				CLANG_WARN_CONSTANT_CONVERSION = YES;
				CLANG_WARN_DIRECT_OBJC_ISA_USAGE = YES_ERROR;
				CLANG_WARN_EMPTY_BODY = YES;
				CLANG_WARN_ENUM_CONVERSION = YES;
				CLANG_WARN_INT_CONVERSION = YES;
				CLANG_WARN_OBJC_ROOT_CLASS = YES_ERROR;
				CLANG_WARN__DUPLICATE_METHOD_MATCH = YES;
				"CODE_SIGN_IDENTITY[sdk=iphoneos*]" = "iPhone Developer";
				COPY_PHASE_STRIP = YES;
				ENABLE_NS_ASSERTIONS = NO;
				GCC_C_LANGUAGE_STANDARD = gnu99;
				GCC_WARN_64_TO_32_BIT_CONVERSION = YES;
				GCC_WARN_ABOUT_RETURN_TYPE = YES_ERROR;
				GCC_WARN_UNDECLARED_SELECTOR = YES;
				GCC_WARN_UNINITIALIZED_AUTOS = YES;
				GCC_WARN_UNUSED_FUNCTION = YES;
				GCC_WARN_UNUSED_VARIABLE = YES;
				IPHONEOS_DEPLOYMENT_TARGET = 7.0;
				SDKROOT = iphoneos;
				TARGETED_DEVICE_FAMILY = "1,2";
				VALIDATE_PRODUCT = YES;
			};
			name = Release;
		};
		776BD65F191DDE5600A99308 /* Debug */ = {
			isa = XCBuildConfiguration;
			buildSettings = {
				ASSETCATALOG_COMPILER_APPICON_NAME = AppIcon;
				ASSETCATALOG_COMPILER_LAUNCHIMAGE_NAME = LaunchImage;
				GCC_PRECOMPILE_PREFIX_HEADER = YES;
				GCC_PREFIX_HEADER = "OpenMap/OpenMap-Prefix.pch";
				INFOPLIST_FILE = "OpenMap/OpenMap-Info.plist";
				PRODUCT_NAME = "$(TARGET_NAME)";
				WRAPPER_EXTENSION = app;
			};
			name = Debug;
		};
		776BD660191DDE5600A99308 /* Release */ = {
			isa = XCBuildConfiguration;
			buildSettings = {
				ASSETCATALOG_COMPILER_APPICON_NAME = AppIcon;
				ASSETCATALOG_COMPILER_LAUNCHIMAGE_NAME = LaunchImage;
				GCC_PRECOMPILE_PREFIX_HEADER = YES;
				GCC_PREFIX_HEADER = "OpenMap/OpenMap-Prefix.pch";
				INFOPLIST_FILE = "OpenMap/OpenMap-Info.plist";
				PRODUCT_NAME = "$(TARGET_NAME)";
				WRAPPER_EXTENSION = app;
			};
			name = Release;
		};
		776BD662191DDE5600A99308 /* Debug */ = {
			isa = XCBuildConfiguration;
			buildSettings = {
				ARCHS = "$(ARCHS_STANDARD_INCLUDING_64_BIT)";
				BUNDLE_LOADER = "$(BUILT_PRODUCTS_DIR)/OpenMap.app/OpenMap";
				FRAMEWORK_SEARCH_PATHS = (
					"$(SDKROOT)/Developer/Library/Frameworks",
					"$(inherited)",
					"$(DEVELOPER_FRAMEWORKS_DIR)",
				);
				GCC_PRECOMPILE_PREFIX_HEADER = YES;
				GCC_PREFIX_HEADER = "OpenMap/OpenMap-Prefix.pch";
				GCC_PREPROCESSOR_DEFINITIONS = (
					"DEBUG=1",
					"$(inherited)",
				);
				INFOPLIST_FILE = "OpenMapTests/OpenMapTests-Info.plist";
				PRODUCT_NAME = "$(TARGET_NAME)";
				TEST_HOST = "$(BUNDLE_LOADER)";
				WRAPPER_EXTENSION = xctest;
			};
			name = Debug;
		};
		776BD663191DDE5600A99308 /* Release */ = {
			isa = XCBuildConfiguration;
			buildSettings = {
				ARCHS = "$(ARCHS_STANDARD_INCLUDING_64_BIT)";
				BUNDLE_LOADER = "$(BUILT_PRODUCTS_DIR)/OpenMap.app/OpenMap";
				FRAMEWORK_SEARCH_PATHS = (
					"$(SDKROOT)/Developer/Library/Frameworks",
					"$(inherited)",
					"$(DEVELOPER_FRAMEWORKS_DIR)",
				);
				GCC_PRECOMPILE_PREFIX_HEADER = YES;
				GCC_PREFIX_HEADER = "OpenMap/OpenMap-Prefix.pch";
				INFOPLIST_FILE = "OpenMapTests/OpenMapTests-Info.plist";
				PRODUCT_NAME = "$(TARGET_NAME)";
				TEST_HOST = "$(BUNDLE_LOADER)";
				WRAPPER_EXTENSION = xctest;
			};
			name = Release;
		};
/* End XCBuildConfiguration section */

/* Begin XCConfigurationList section */
		776BD624191DDE5600A99308 /* Build configuration list for PBXProject "OpenMap" */ = {
			isa = XCConfigurationList;
			buildConfigurations = (
				776BD65C191DDE5600A99308 /* Debug */,
				776BD65D191DDE5600A99308 /* Release */,
			);
			defaultConfigurationIsVisible = 0;
			defaultConfigurationName = Release;
		};
		776BD65E191DDE5600A99308 /* Build configuration list for PBXNativeTarget "OpenMap" */ = {
			isa = XCConfigurationList;
			buildConfigurations = (
				776BD65F191DDE5600A99308 /* Debug */,
				776BD660191DDE5600A99308 /* Release */,
			);
			defaultConfigurationIsVisible = 0;
		};
		776BD661191DDE5600A99308 /* Build configuration list for PBXNativeTarget "OpenMapTests" */ = {
			isa = XCConfigurationList;
			buildConfigurations = (
				776BD662191DDE5600A99308 /* Debug */,
				776BD663191DDE5600A99308 /* Release */,
			);
			defaultConfigurationIsVisible = 0;
		};
/* End XCConfigurationList section */
	};
	rootObject = 776BD621191DDE5600A99308 /* Project object */;
}
